
Microsoft Visual Studio Solution File, Format Version 12.00
# Visual Studio Version 16
VisualStudioVersion = 16.0.30114.105
MinimumVisualStudioVersion = 10.0.40219.1
Project("{FAE04EC0-301F-11D3-BF4B-00C04F79EFBC}") = "ConsoleFileEx", "ConsoleFileEx\ConsoleFileEx.csproj", "{AE8D19D4-3A51-42F8-8E82-34855E53E51C}"
EndProject
Global
	GlobalSection(SolutionConfigurationPlatforms) = preSolution
		Debug|Any CPU = Debug|Any CPU
		Release|Any CPU = Release|Any CPU
	EndGlobalSection
	GlobalSection(ProjectConfigurationPlatforms) = postSolution
		{AE8D19D4-3A51-42F8-8E82-34855E53E51C}.Debug|Any CPU.ActiveCfg = Debug|Any CPU
		{AE8D19D4-3A51-42F8-8E82-34855E53E51C}.Debug|Any CPU.Build.0 = Debug|Any CPU
		{AE8D19D4-3A51-42F8-8E82-34855E53E51C}.Release|Any CPU.ActiveCfg = Release|Any CPU
		{AE8D19D4-3A51-42F8-8E82-34855E53E51C}.Release|Any CPU.Build.0 = Release|Any CPU
	EndGlobalSection
	GlobalSection(SolutionProperties) = preSolution
		HideSolutionNode = FALSE
	EndGlobalSection
	GlobalSection(ExtensibilityGlobals) = postSolution
		SolutionGuid = {024CFE15-DD1C-43AA-8560-2E1132D46098}
	EndGlobalSection
EndGlobal
